
Microsoft Visual Studio Solution File, Format Version 12.00
# Visual Studio Version 17
VisualStudioVersion = 17.7.34003.232
MinimumVisualStudioVersion = 10.0.40219.1
Project("{FAE04EC0-301F-11D3-BF4B-00C04F79EFBC}") = "OPGSysm7TravelPalHT2023", "OPGSysm7TravelPalHT2023.csproj", "{7CCBDB0E-DE7C-48BC-94EF-990D4B413EB3}"
EndProject
Global
	GlobalSection(SolutionConfigurationPlatforms) = preSolution
		Debug|Any CPU = Debug|Any CPU
		Release|Any CPU = Release|Any CPU
	EndGlobalSection
	GlobalSection(ProjectConfigurationPlatforms) = postSolution
		{7CCBDB0E-DE7C-48BC-94EF-990D4B413EB3}.Debug|Any CPU.ActiveCfg = Debug|Any CPU
		{7CCBDB0E-DE7C-48BC-94EF-990D4B413EB3}.Debug|Any CPU.Build.0 = Debug|Any CPU
		{7CCBDB0E-DE7C-48BC-94EF-990D4B413EB3}.Release|Any CPU.ActiveCfg = Release|Any CPU
		{7CCBDB0E-DE7C-48BC-94EF-990D4B413EB3}.Release|Any CPU.Build.0 = Release|Any CPU
	EndGlobalSection
	GlobalSection(SolutionProperties) = preSolution
		HideSolutionNode = FALSE
	EndGlobalSection
	GlobalSection(ExtensibilityGlobals) = postSolution
		SolutionGuid = {26E8A227-3773-4DE3-AC35-A06A680843E5}
	EndGlobalSection
EndGlobal
